
Microsoft Visual Studio Solution File, Format Version 12.00
# Visual Studio Version 17
VisualStudioVersion = 17.7.34024.191
MinimumVisualStudioVersion = 10.0.40219.1
Project("{FAE04EC0-301F-11D3-BF4B-00C04F79EFBC}") = "XMacros", "XMacros\XMacros.csproj", "{2065518E-3646-446B-98C0-EA63684C758E}"
EndProject
Global
	GlobalSection(SolutionConfigurationPlatforms) = preSolution
		Debug|Any CPU = Debug|Any CPU
		Release|Any CPU = Release|Any CPU
	EndGlobalSection
	GlobalSection(ProjectConfigurationPlatforms) = postSolution
		{2065518E-3646-446B-98C0-EA63684C758E}.Debug|Any CPU.ActiveCfg = Debug|Any CPU
		{2065518E-3646-446B-98C0-EA63684C758E}.Debug|Any CPU.Build.0 = Debug|Any CPU
		{2065518E-3646-446B-98C0-EA63684C758E}.Release|Any CPU.ActiveCfg = Release|Any CPU
		{2065518E-3646-446B-98C0-EA63684C758E}.Release|Any CPU.Build.0 = Release|Any CPU
	EndGlobalSection
	GlobalSection(SolutionProperties) = preSolution
		HideSolutionNode = FALSE
	EndGlobalSection
	GlobalSection(ExtensibilityGlobals) = postSolution
		SolutionGuid = {1D436079-BBA7-48DA-8824-1157DDA14680}
	EndGlobalSection
EndGlobal
